
Microsoft Visual Studio Solution File, Format Version 12.00
# Visual Studio Version 17
VisualStudioVersion = 17.3.32519.111
MinimumVisualStudioVersion = 10.0.40219.1
Project("{9A19103F-16F7-4668-BE54-9A1E7A4F7556}") = "ConsulConsumer", "ConsulConsumer.csproj", "{2E150BCE-0C1A-4F00-AB8D-FD963A59D5CB}"
EndProject
Project("{9A19103F-16F7-4668-BE54-9A1E7A4F7556}") = "ConsulWebApi", "..\ConsulWebApi\ConsulWebApi.csproj", "{DA1F1058-5580-4F3C-9ED5-A03E326F43CA}"
EndProject
Global
	GlobalSection(SolutionConfigurationPlatforms) = preSolution
		Debug|Any CPU = Debug|Any CPU
		Release|Any CPU = Release|Any CPU
	EndGlobalSection
	GlobalSection(ProjectConfigurationPlatforms) = postSolution
		{2E150BCE-0C1A-4F00-AB8D-FD963A59D5CB}.Debug|Any CPU.ActiveCfg = Debug|Any CPU
		{2E150BCE-0C1A-4F00-AB8D-FD963A59D5CB}.Debug|Any CPU.Build.0 = Debug|Any CPU
		{2E150BCE-0C1A-4F00-AB8D-FD963A59D5CB}.Release|Any CPU.ActiveCfg = Release|Any CPU
		{2E150BCE-0C1A-4F00-AB8D-FD963A59D5CB}.Release|Any CPU.Build.0 = Release|Any CPU
		{DA1F1058-5580-4F3C-9ED5-A03E326F43CA}.Debug|Any CPU.ActiveCfg = Debug|Any CPU
		{DA1F1058-5580-4F3C-9ED5-A03E326F43CA}.Debug|Any CPU.Build.0 = Debug|Any CPU
		{DA1F1058-5580-4F3C-9ED5-A03E326F43CA}.Release|Any CPU.ActiveCfg = Release|Any CPU
		{DA1F1058-5580-4F3C-9ED5-A03E326F43CA}.Release|Any CPU.Build.0 = Release|Any CPU
	EndGlobalSection
	GlobalSection(SolutionProperties) = preSolution
		HideSolutionNode = FALSE
	EndGlobalSection
	GlobalSection(ExtensibilityGlobals) = postSolution
		SolutionGuid = {1F033407-02F2-49B1-995C-158AE0CDD533}
	EndGlobalSection
EndGlobal
