
Microsoft Visual Studio Solution File, Format Version 12.00
# Visual Studio Version 17
VisualStudioVersion = 17.3.32519.111
MinimumVisualStudioVersion = 10.0.40219.1
Project("{9A19103F-16F7-4668-BE54-9A1E7A4F7556}") = "MyTodoApp", "MyTodoApp.csproj", "{1B124E54-8681-47BC-B2F6-D5149B05AEBB}"
EndProject
Project("{9A19103F-16F7-4668-BE54-9A1E7A4F7556}") = "MyTodoApi", "..\MyTodoApi\MyTodoApi.csproj", "{0A9ACB68-7029-46E4-A53E-05871B43A4F1}"
EndProject
Project("{FAE04EC0-301F-11D3-BF4B-00C04F79EFBC}") = "MyTodo.Shared", "..\MyTodo.Shared\MyTodo.Shared.csproj", "{09452274-1873-4CE5-8378-BBD35C797967}"
EndProject
Global
	GlobalSection(SolutionConfigurationPlatforms) = preSolution
		Debug|Any CPU = Debug|Any CPU
		Release|Any CPU = Release|Any CPU
	EndGlobalSection
	GlobalSection(ProjectConfigurationPlatforms) = postSolution
		{1B124E54-8681-47BC-B2F6-D5149B05AEBB}.Debug|Any CPU.ActiveCfg = Debug|Any CPU
		{1B124E54-8681-47BC-B2F6-D5149B05AEBB}.Debug|Any CPU.Build.0 = Debug|Any CPU
		{1B124E54-8681-47BC-B2F6-D5149B05AEBB}.Release|Any CPU.ActiveCfg = Release|Any CPU
		{1B124E54-8681-47BC-B2F6-D5149B05AEBB}.Release|Any CPU.Build.0 = Release|Any CPU
		{0A9ACB68-7029-46E4-A53E-05871B43A4F1}.Debug|Any CPU.ActiveCfg = Debug|Any CPU
		{0A9ACB68-7029-46E4-A53E-05871B43A4F1}.Debug|Any CPU.Build.0 = Debug|Any CPU
		{0A9ACB68-7029-46E4-A53E-05871B43A4F1}.Release|Any CPU.ActiveCfg = Release|Any CPU
		{0A9ACB68-7029-46E4-A53E-05871B43A4F1}.Release|Any CPU.Build.0 = Release|Any CPU
		{09452274-1873-4CE5-8378-BBD35C797967}.Debug|Any CPU.ActiveCfg = Debug|Any CPU
		{09452274-1873-4CE5-8378-BBD35C797967}.Debug|Any CPU.Build.0 = Debug|Any CPU
		{09452274-1873-4CE5-8378-BBD35C797967}.Release|Any CPU.ActiveCfg = Release|Any CPU
		{09452274-1873-4CE5-8378-BBD35C797967}.Release|Any CPU.Build.0 = Release|Any CPU
	EndGlobalSection
	GlobalSection(SolutionProperties) = preSolution
		HideSolutionNode = FALSE
	EndGlobalSection
	GlobalSection(ExtensibilityGlobals) = postSolution
		SolutionGuid = {E6D38FD2-2F14-4810-BA09-59FD960D7E57}
	EndGlobalSection
EndGlobal
