
Microsoft Visual Studio Solution File, Format Version 12.00
# Visual Studio Version 17
VisualStudioVersion = 17.3.32519.111
MinimumVisualStudioVersion = 10.0.40219.1
Project("{FAE04EC0-301F-11D3-BF4B-00C04F79EFBC}") = "Review-Sender", "Review-Sender.csproj", "{1442AACB-5508-48C2-89EB-D4BEB856A855}"
EndProject
Project("{FAE04EC0-301F-11D3-BF4B-00C04F79EFBC}") = "Review-Reciver", "..\Review-Reciver\Review-Reciver.csproj", "{F14D3030-0351-4507-BE00-5BB3F5A9A8DC}"
EndProject
Project("{FAE04EC0-301F-11D3-BF4B-00C04F79EFBC}") = "MyMqLib", "..\MyMqLib\MyMqLib.csproj", "{40DC5BC0-5AAE-4E78-9753-E6854FA27C72}"
EndProject
Global
	GlobalSection(SolutionConfigurationPlatforms) = preSolution
		Debug|Any CPU = Debug|Any CPU
		Release|Any CPU = Release|Any CPU
	EndGlobalSection
	GlobalSection(ProjectConfigurationPlatforms) = postSolution
		{1442AACB-5508-48C2-89EB-D4BEB856A855}.Debug|Any CPU.ActiveCfg = Debug|Any CPU
		{1442AACB-5508-48C2-89EB-D4BEB856A855}.Debug|Any CPU.Build.0 = Debug|Any CPU
		{1442AACB-5508-48C2-89EB-D4BEB856A855}.Release|Any CPU.ActiveCfg = Release|Any CPU
		{1442AACB-5508-48C2-89EB-D4BEB856A855}.Release|Any CPU.Build.0 = Release|Any CPU
		{F14D3030-0351-4507-BE00-5BB3F5A9A8DC}.Debug|Any CPU.ActiveCfg = Debug|Any CPU
		{F14D3030-0351-4507-BE00-5BB3F5A9A8DC}.Debug|Any CPU.Build.0 = Debug|Any CPU
		{F14D3030-0351-4507-BE00-5BB3F5A9A8DC}.Release|Any CPU.ActiveCfg = Release|Any CPU
		{F14D3030-0351-4507-BE00-5BB3F5A9A8DC}.Release|Any CPU.Build.0 = Release|Any CPU
		{40DC5BC0-5AAE-4E78-9753-E6854FA27C72}.Debug|Any CPU.ActiveCfg = Debug|Any CPU
		{40DC5BC0-5AAE-4E78-9753-E6854FA27C72}.Debug|Any CPU.Build.0 = Debug|Any CPU
		{40DC5BC0-5AAE-4E78-9753-E6854FA27C72}.Release|Any CPU.ActiveCfg = Release|Any CPU
		{40DC5BC0-5AAE-4E78-9753-E6854FA27C72}.Release|Any CPU.Build.0 = Release|Any CPU
	EndGlobalSection
	GlobalSection(SolutionProperties) = preSolution
		HideSolutionNode = FALSE
	EndGlobalSection
	GlobalSection(ExtensibilityGlobals) = postSolution
		SolutionGuid = {59E684A7-4DCB-4932-8B43-E93233E6BCBB}
	EndGlobalSection
EndGlobal
