
Microsoft Visual Studio Solution File, Format Version 12.00
# Visual Studio Version 17
VisualStudioVersion = 17.3.32519.111
MinimumVisualStudioVersion = 10.0.40219.1
Project("{9A19103F-16F7-4668-BE54-9A1E7A4F7556}") = "BlazorApp1", "BlazorApp1.csproj", "{1DCE3582-1972-45A7-9729-7C5D14CD7E0F}"
EndProject
Global
	GlobalSection(SolutionConfigurationPlatforms) = preSolution
		Debug|Any CPU = Debug|Any CPU
		Release|Any CPU = Release|Any CPU
	EndGlobalSection
	GlobalSection(ProjectConfigurationPlatforms) = postSolution
		{1DCE3582-1972-45A7-9729-7C5D14CD7E0F}.Debug|Any CPU.ActiveCfg = Debug|Any CPU
		{1DCE3582-1972-45A7-9729-7C5D14CD7E0F}.Debug|Any CPU.Build.0 = Debug|Any CPU
		{1DCE3582-1972-45A7-9729-7C5D14CD7E0F}.Release|Any CPU.ActiveCfg = Release|Any CPU
		{1DCE3582-1972-45A7-9729-7C5D14CD7E0F}.Release|Any CPU.Build.0 = Release|Any CPU
	EndGlobalSection
	GlobalSection(SolutionProperties) = preSolution
		HideSolutionNode = FALSE
	EndGlobalSection
	GlobalSection(ExtensibilityGlobals) = postSolution
		SolutionGuid = {B4B4DF2D-8ED2-4B0C-BC2A-F5C24A1F088E}
	EndGlobalSection
EndGlobal
