
Microsoft Visual Studio Solution File, Format Version 12.00
# Visual Studio Version 17
VisualStudioVersion = 17.3.32519.111
MinimumVisualStudioVersion = 10.0.40219.1
Project("{9A19103F-16F7-4668-BE54-9A1E7A4F7556}") = "MyFrontEnd", "MyFrontEnd\MyFrontEnd.csproj", "{A31EC40D-7FDE-48E6-B372-51E42CF2B1C6}"
EndProject
Project("{9A19103F-16F7-4668-BE54-9A1E7A4F7556}") = "MyBackEnd", "MyBackEnd\MyBackEnd.csproj", "{EE3D467B-52D9-4AC2-8B93-1A6DBC16C0E1}"
EndProject
Project("{E53339B2-1760-4266-BCC7-CA923CBCF16C}") = "docker-compose", "docker-compose.dcproj", "{AC440F05-9551-4CC1-BBCA-DFFC0EB50092}"
EndProject
Global
	GlobalSection(SolutionConfigurationPlatforms) = preSolution
		Debug|Any CPU = Debug|Any CPU
		Release|Any CPU = Release|Any CPU
	EndGlobalSection
	GlobalSection(ProjectConfigurationPlatforms) = postSolution
		{A31EC40D-7FDE-48E6-B372-51E42CF2B1C6}.Debug|Any CPU.ActiveCfg = Debug|Any CPU
		{A31EC40D-7FDE-48E6-B372-51E42CF2B1C6}.Debug|Any CPU.Build.0 = Debug|Any CPU
		{A31EC40D-7FDE-48E6-B372-51E42CF2B1C6}.Release|Any CPU.ActiveCfg = Release|Any CPU
		{A31EC40D-7FDE-48E6-B372-51E42CF2B1C6}.Release|Any CPU.Build.0 = Release|Any CPU
		{EE3D467B-52D9-4AC2-8B93-1A6DBC16C0E1}.Debug|Any CPU.ActiveCfg = Debug|Any CPU
		{EE3D467B-52D9-4AC2-8B93-1A6DBC16C0E1}.Debug|Any CPU.Build.0 = Debug|Any CPU
		{EE3D467B-52D9-4AC2-8B93-1A6DBC16C0E1}.Release|Any CPU.ActiveCfg = Release|Any CPU
		{EE3D467B-52D9-4AC2-8B93-1A6DBC16C0E1}.Release|Any CPU.Build.0 = Release|Any CPU
		{AC440F05-9551-4CC1-BBCA-DFFC0EB50092}.Debug|Any CPU.ActiveCfg = Debug|Any CPU
		{AC440F05-9551-4CC1-BBCA-DFFC0EB50092}.Debug|Any CPU.Build.0 = Debug|Any CPU
		{AC440F05-9551-4CC1-BBCA-DFFC0EB50092}.Release|Any CPU.ActiveCfg = Release|Any CPU
		{AC440F05-9551-4CC1-BBCA-DFFC0EB50092}.Release|Any CPU.Build.0 = Release|Any CPU
	EndGlobalSection
	GlobalSection(SolutionProperties) = preSolution
		HideSolutionNode = FALSE
	EndGlobalSection
	GlobalSection(ExtensibilityGlobals) = postSolution
		SolutionGuid = {007C0599-6E8E-4907-A7F2-C14B1043916B}
	EndGlobalSection
EndGlobal
